// !$*UTF8*$!
{
	archiveVersion = 1;
	classes = {
	};
	objectVersion = 56;
	objects = {

/* Begin PBXBuildFile section */
		18B25B712927DE6200C0306B /* WidgetsTestProjectApp.swift in Sources */ = {isa = PBXBuildFile; fileRef = 18B25B702927DE6200C0306B /* WidgetsTestProjectApp.swift */; };
		18B25B732927DE6200C0306B /* ContentView.swift in Sources */ = {isa = PBXBuildFile; fileRef = 18B25B722927DE6200C0306B /* ContentView.swift */; };
		18B25B752927DE6400C0306B /* Assets.xcassets in Resources */ = {isa = PBXBuildFile; fileRef = 18B25B742927DE6400C0306B /* Assets.xcassets */; };
		18B25B782927DE6400C0306B /* Preview Assets.xcassets in Resources */ = {isa = PBXBuildFile; fileRef = 18B25B772927DE6400C0306B /* Preview Assets.xcassets */; };
		18B25B91292B892E00C0306B /* WidgetKit.framework in Frameworks */ = {isa = PBXBuildFile; fileRef = 18B25B90292B892E00C0306B /* WidgetKit.framework */; };
		18B25B93292B892E00C0306B /* SwiftUI.framework in Frameworks */ = {isa = PBXBuildFile; fileRef = 18B25B92292B892E00C0306B /* SwiftUI.framework */; };
		18B25B99292B893000C0306B /* Assets.xcassets in Resources */ = {isa = PBXBuildFile; fileRef = 18B25B98292B893000C0306B /* Assets.xcassets */; };
		18B25B9B292B893000C0306B /* MonthWidget.intentdefinition in Sources */ = {isa = PBXBuildFile; fileRef = 18B25B97292B892F00C0306B /* MonthWidget.intentdefinition */; };
		18B25B9C292B893000C0306B /* MonthWidget.intentdefinition in Sources */ = {isa = PBXBuildFile; fileRef = 18B25B97292B892F00C0306B /* MonthWidget.intentdefinition */; };
		18B25B9F292B893000C0306B /* MonthWidgetExtension.appex in Embed Foundation Extensions */ = {isa = PBXBuildFile; fileRef = 18B25B8E292B892E00C0306B /* MonthWidgetExtension.appex */; settings = {ATTRIBUTES = (RemoveHeadersOnCopy, ); }; };
		18B25BA4292B897300C0306B /* MonthConfig.swift in Sources */ = {isa = PBXBuildFile; fileRef = 18B25B86292B870B00C0306B /* MonthConfig.swift */; };
		18B25BA5292B897B00C0306B /* MonthWidgetEntryView.swift in Sources */ = {isa = PBXBuildFile; fileRef = 18B25B84292B86EC00C0306B /* MonthWidgetEntryView.swift */; };
		18B25BA6292B898600C0306B /* DayEntry.swift in Sources */ = {isa = PBXBuildFile; fileRef = 18B25B82292B865F00C0306B /* DayEntry.swift */; };
		18B25BA7292B898E00C0306B /* Date+Ext.swift in Sources */ = {isa = PBXBuildFile; fileRef = 18B25B88292B877600C0306B /* Date+Ext.swift */; };
		18B25BA8292B899600C0306B /* Colors+Ext.swift in Sources */ = {isa = PBXBuildFile; fileRef = 18B25B7E292B85C200C0306B /* Colors+Ext.swift */; };
		18B25BA9292B89AF00C0306B /* Provider.swift in Sources */ = {isa = PBXBuildFile; fileRef = 18B25B80292B85F900C0306B /* Provider.swift */; };
		18B25BAE292B980600C0306B /* BelarusianHelper.swift in Sources */ = {isa = PBXBuildFile; fileRef = 18B25BAC292B979900C0306B /* BelarusianHelper.swift */; };
		18B25BAF292B984B00C0306B /* BelarusianHelper.swift in Sources */ = {isa = PBXBuildFile; fileRef = 18B25BAC292B979900C0306B /* BelarusianHelper.swift */; };
		18B25BB0292B991500C0306B /* Colors+Ext.swift in Sources */ = {isa = PBXBuildFile; fileRef = 18B25B7E292B85C200C0306B /* Colors+Ext.swift */; };
		18B25BB1292B998900C0306B /* MonthConfig.swift in Sources */ = {isa = PBXBuildFile; fileRef = 18B25B86292B870B00C0306B /* MonthConfig.swift */; };
/* End PBXBuildFile section */

/* Begin PBXContainerItemProxy section */
		18B25B9D292B893000C0306B /* PBXContainerItemProxy */ = {
			isa = PBXContainerItemProxy;
			containerPortal = 18B25B652927DE6200C0306B /* Project object */;
			proxyType = 1;
			remoteGlobalIDString = 18B25B8D292B892E00C0306B;
			remoteInfo = MonthWidgetExtension;
		};
/* End PBXContainerItemProxy section */

/* Begin PBXCopyFilesBuildPhase section */
		18B25BA3292B893000C0306B /* Embed Foundation Extensions */ = {
			isa = PBXCopyFilesBuildPhase;
			buildActionMask = 2147483647;
			dstPath = "";
			dstSubfolderSpec = 13;
			files = (
				18B25B9F292B893000C0306B /* MonthWidgetExtension.appex in Embed Foundation Extensions */,
			);
			name = "Embed Foundation Extensions";
			runOnlyForDeploymentPostprocessing = 0;
		};
/* End PBXCopyFilesBuildPhase section */

/* Begin PBXFileReference section */
		18B25B6D2927DE6200C0306B /* WidgetsTestProject.app */ = {isa = PBXFileReference; explicitFileType = wrapper.application; includeInIndex = 0; path = WidgetsTestProject.app; sourceTree = BUILT_PRODUCTS_DIR; };
		18B25B702927DE6200C0306B /* WidgetsTestProjectApp.swift */ = {isa = PBXFileReference; lastKnownFileType = sourcecode.swift; path = WidgetsTestProjectApp.swift; sourceTree = "<group>"; };
		18B25B722927DE6200C0306B /* ContentView.swift */ = {isa = PBXFileReference; lastKnownFileType = sourcecode.swift; path = ContentView.swift; sourceTree = "<group>"; };
		18B25B742927DE6400C0306B /* Assets.xcassets */ = {isa = PBXFileReference; lastKnownFileType = folder.assetcatalog; path = Assets.xcassets; sourceTree = "<group>"; };
		18B25B772927DE6400C0306B /* Preview Assets.xcassets */ = {isa = PBXFileReference; lastKnownFileType = folder.assetcatalog; path = "Preview Assets.xcassets"; sourceTree = "<group>"; };
		18B25B7E292B85C200C0306B /* Colors+Ext.swift */ = {isa = PBXFileReference; lastKnownFileType = sourcecode.swift; path = "Colors+Ext.swift"; sourceTree = "<group>"; };
		18B25B80292B85F900C0306B /* Provider.swift */ = {isa = PBXFileReference; lastKnownFileType = sourcecode.swift; path = Provider.swift; sourceTree = "<group>"; };
		18B25B82292B865F00C0306B /* DayEntry.swift */ = {isa = PBXFileReference; lastKnownFileType = sourcecode.swift; path = DayEntry.swift; sourceTree = "<group>"; };
		18B25B84292B86EC00C0306B /* MonthWidgetEntryView.swift */ = {isa = PBXFileReference; lastKnownFileType = sourcecode.swift; path = MonthWidgetEntryView.swift; sourceTree = "<group>"; };
		18B25B86292B870B00C0306B /* MonthConfig.swift */ = {isa = PBXFileReference; lastKnownFileType = sourcecode.swift; path = MonthConfig.swift; sourceTree = "<group>"; };
		18B25B88292B877600C0306B /* Date+Ext.swift */ = {isa = PBXFileReference; lastKnownFileType = sourcecode.swift; path = "Date+Ext.swift"; sourceTree = "<group>"; };
		18B25B8E292B892E00C0306B /* MonthWidgetExtension.appex */ = {isa = PBXFileReference; explicitFileType = "wrapper.app-extension"; includeInIndex = 0; path = MonthWidgetExtension.appex; sourceTree = BUILT_PRODUCTS_DIR; };
		18B25B90292B892E00C0306B /* WidgetKit.framework */ = {isa = PBXFileReference; lastKnownFileType = wrapper.framework; name = WidgetKit.framework; path = System/Library/Frameworks/WidgetKit.framework; sourceTree = SDKROOT; };
		18B25B92292B892E00C0306B /* SwiftUI.framework */ = {isa = PBXFileReference; lastKnownFileType = wrapper.framework; name = SwiftUI.framework; path = System/Library/Frameworks/SwiftUI.framework; sourceTree = SDKROOT; };
		18B25B97292B892F00C0306B /* MonthWidget.intentdefinition */ = {isa = PBXFileReference; lastKnownFileType = file.intentdefinition; path = MonthWidget.intentdefinition; sourceTree = "<group>"; };
		18B25B98292B893000C0306B /* Assets.xcassets */ = {isa = PBXFileReference; lastKnownFileType = folder.assetcatalog; path = Assets.xcassets; sourceTree = "<group>"; };
		18B25B9A292B893000C0306B /* Info.plist */ = {isa = PBXFileReference; lastKnownFileType = text.plist.xml; path = Info.plist; sourceTree = "<group>"; };
		18B25BAC292B979900C0306B /* BelarusianHelper.swift */ = {isa = PBXFileReference; lastKnownFileType = sourcecode.swift; path = BelarusianHelper.swift; sourceTree = "<group>"; };
/* End PBXFileReference section */

/* Begin PBXFrameworksBuildPhase section */
		18B25B6A2927DE6200C0306B /* Frameworks */ = {
			isa = PBXFrameworksBuildPhase;
			buildActionMask = 2147483647;
			files = (
			);
			runOnlyForDeploymentPostprocessing = 0;
		};
		18B25B8B292B892E00C0306B /* Frameworks */ = {
			isa = PBXFrameworksBuildPhase;
			buildActionMask = 2147483647;
			files = (
				18B25B93292B892E00C0306B /* SwiftUI.framework in Frameworks */,
				18B25B91292B892E00C0306B /* WidgetKit.framework in Frameworks */,
			);
			runOnlyForDeploymentPostprocessing = 0;
		};
/* End PBXFrameworksBuildPhase section */

/* Begin PBXGroup section */
		18B25B642927DE6200C0306B = {
			isa = PBXGroup;
			children = (
				18B25B6F2927DE6200C0306B /* WidgetsTestProject */,
				18B25B94292B892F00C0306B /* MonthWidget */,
				18B25B8F292B892E00C0306B /* Frameworks */,
				18B25B6E2927DE6200C0306B /* Products */,
			);
			sourceTree = "<group>";
		};
		18B25B6E2927DE6200C0306B /* Products */ = {
			isa = PBXGroup;
			children = (
				18B25B6D2927DE6200C0306B /* WidgetsTestProject.app */,
				18B25B8E292B892E00C0306B /* MonthWidgetExtension.appex */,
			);
			name = Products;
			sourceTree = "<group>";
		};
		18B25B6F2927DE6200C0306B /* WidgetsTestProject */ = {
			isa = PBXGroup;
			children = (
				18B25B702927DE6200C0306B /* WidgetsTestProjectApp.swift */,
				18B25B722927DE6200C0306B /* ContentView.swift */,
				18B25B742927DE6400C0306B /* Assets.xcassets */,
				18B25B762927DE6400C0306B /* Preview Content */,
			);
			path = WidgetsTestProject;
			sourceTree = "<group>";
		};
		18B25B762927DE6400C0306B /* Preview Content */ = {
			isa = PBXGroup;
			children = (
				18B25B772927DE6400C0306B /* Preview Assets.xcassets */,
			);
			path = "Preview Content";
			sourceTree = "<group>";
		};
		18B25B8F292B892E00C0306B /* Frameworks */ = {
			isa = PBXGroup;
			children = (
				18B25B90292B892E00C0306B /* WidgetKit.framework */,
				18B25B92292B892E00C0306B /* SwiftUI.framework */,
			);
			name = Frameworks;
			sourceTree = "<group>";
		};
		18B25B94292B892F00C0306B /* MonthWidget */ = {
			isa = PBXGroup;
			children = (
				18B25B80292B85F900C0306B /* Provider.swift */,
				18B25B7E292B85C200C0306B /* Colors+Ext.swift */,
				18B25B88292B877600C0306B /* Date+Ext.swift */,
				18B25B82292B865F00C0306B /* DayEntry.swift */,
				18B25B84292B86EC00C0306B /* MonthWidgetEntryView.swift */,
				18B25B86292B870B00C0306B /* MonthConfig.swift */,
				18B25B97292B892F00C0306B /* MonthWidget.intentdefinition */,
				18B25B98292B893000C0306B /* Assets.xcassets */,
				18B25B9A292B893000C0306B /* Info.plist */,
				18B25BAC292B979900C0306B /* BelarusianHelper.swift */,
			);
			path = MonthWidget;
			sourceTree = "<group>";
		};
/* End PBXGroup section */

/* Begin PBXNativeTarget section */
		18B25B6C2927DE6200C0306B /* WidgetsTestProject */ = {
			isa = PBXNativeTarget;
			buildConfigurationList = 18B25B7B2927DE6400C0306B /* Build configuration list for PBXNativeTarget "WidgetsTestProject" */;
			buildPhases = (
				18B25B692927DE6200C0306B /* Sources */,
				18B25B6A2927DE6200C0306B /* Frameworks */,
				18B25B6B2927DE6200C0306B /* Resources */,
				18B25BA3292B893000C0306B /* Embed Foundation Extensions */,
			);
			buildRules = (
			);
			dependencies = (
				18B25B9E292B893000C0306B /* PBXTargetDependency */,
			);
			name = WidgetsTestProject;
			productName = WidgetsTestProject;
			productReference = 18B25B6D2927DE6200C0306B /* WidgetsTestProject.app */;
			productType = "com.apple.product-type.application";
		};
		18B25B8D292B892E00C0306B /* MonthWidgetExtension */ = {
			isa = PBXNativeTarget;
			buildConfigurationList = 18B25BA0292B893000C0306B /* Build configuration list for PBXNativeTarget "MonthWidgetExtension" */;
			buildPhases = (
				18B25B8A292B892E00C0306B /* Sources */,
				18B25B8B292B892E00C0306B /* Frameworks */,
				18B25B8C292B892E00C0306B /* Resources */,
			);
			buildRules = (
			);
			dependencies = (
			);
			name = MonthWidgetExtension;
			productName = MonthWidgetExtension;
			productReference = 18B25B8E292B892E00C0306B /* MonthWidgetExtension.appex */;
			productType = "com.apple.product-type.app-extension";
		};
/* End PBXNativeTarget section */

/* Begin PBXProject section */
		18B25B652927DE6200C0306B /* Project object */ = {
			isa = PBXProject;
			attributes = {
				BuildIndependentTargetsInParallel = 1;
				LastSwiftUpdateCheck = 1400;
				LastUpgradeCheck = 1400;
				TargetAttributes = {
					18B25B6C2927DE6200C0306B = {
						CreatedOnToolsVersion = 14.0.1;
					};
					18B25B8D292B892E00C0306B = {
						CreatedOnToolsVersion = 14.0.1;
					};
				};
			};
			buildConfigurationList = 18B25B682927DE6200C0306B /* Build configuration list for PBXProject "WidgetsTestProject" */;
			compatibilityVersion = "Xcode 14.0";
			developmentRegion = en;
			hasScannedForEncodings = 0;
			knownRegions = (
				en,
				Base,
			);
			mainGroup = 18B25B642927DE6200C0306B;
			productRefGroup = 18B25B6E2927DE6200C0306B /* Products */;
			projectDirPath = "";
			projectRoot = "";
			targets = (
				18B25B6C2927DE6200C0306B /* WidgetsTestProject */,
				18B25B8D292B892E00C0306B /* MonthWidgetExtension */,
			);
		};
/* End PBXProject section */

/* Begin PBXResourcesBuildPhase section */
		18B25B6B2927DE6200C0306B /* Resources */ = {
			isa = PBXResourcesBuildPhase;
			buildActionMask = 2147483647;
			files = (
				18B25B782927DE6400C0306B /* Preview Assets.xcassets in Resources */,
				18B25B752927DE6400C0306B /* Assets.xcassets in Resources */,
			);
			runOnlyForDeploymentPostprocessing = 0;
		};
		18B25B8C292B892E00C0306B /* Resources */ = {
			isa = PBXResourcesBuildPhase;
			buildActionMask = 2147483647;
			files = (
				18B25B99292B893000C0306B /* Assets.xcassets in Resources */,
			);
			runOnlyForDeploymentPostprocessing = 0;
		};
/* End PBXResourcesBuildPhase section */

/* Begin PBXSourcesBuildPhase section */
		18B25B692927DE6200C0306B /* Sources */ = {
			isa = PBXSourcesBuildPhase;
			buildActionMask = 2147483647;
			files = (
				18B25BB0292B991500C0306B /* Colors+Ext.swift in Sources */,
				18B25B732927DE6200C0306B /* ContentView.swift in Sources */,
				18B25B712927DE6200C0306B /* WidgetsTestProjectApp.swift in Sources */,
				18B25B9C292B893000C0306B /* MonthWidget.intentdefinition in Sources */,
				18B25BB1292B998900C0306B /* MonthConfig.swift in Sources */,
				18B25BAF292B984B00C0306B /* BelarusianHelper.swift in Sources */,
			);
			runOnlyForDeploymentPostprocessing = 0;
		};
		18B25B8A292B892E00C0306B /* Sources */ = {
			isa = PBXSourcesBuildPhase;
			buildActionMask = 2147483647;
			files = (
				18B25BA5292B897B00C0306B /* MonthWidgetEntryView.swift in Sources */,
				18B25BA9292B89AF00C0306B /* Provider.swift in Sources */,
				18B25BA4292B897300C0306B /* MonthConfig.swift in Sources */,
				18B25BA8292B899600C0306B /* Colors+Ext.swift in Sources */,
				18B25BA7292B898E00C0306B /* Date+Ext.swift in Sources */,
				18B25B9B292B893000C0306B /* MonthWidget.intentdefinition in Sources */,
				18B25BA6292B898600C0306B /* DayEntry.swift in Sources */,
				18B25BAE292B980600C0306B /* BelarusianHelper.swift in Sources */,
			);
			runOnlyForDeploymentPostprocessing = 0;
		};
/* End PBXSourcesBuildPhase section */

/* Begin PBXTargetDependency section */
		18B25B9E292B893000C0306B /* PBXTargetDependency */ = {
			isa = PBXTargetDependency;
			target = 18B25B8D292B892E00C0306B /* MonthWidgetExtension */;
			targetProxy = 18B25B9D292B893000C0306B /* PBXContainerItemProxy */;
		};
/* End PBXTargetDependency section */

/* Begin XCBuildConfiguration section */
		18B25B792927DE6400C0306B /* Debug */ = {
			isa = XCBuildConfiguration;
			buildSettings = {
				ALWAYS_SEARCH_USER_PATHS = NO;
				CLANG_ANALYZER_NONNULL = YES;
				CLANG_ANALYZER_NUMBER_OBJECT_CONVERSION = YES_AGGRESSIVE;
				CLANG_CXX_LANGUAGE_STANDARD = "gnu++20";
				CLANG_ENABLE_MODULES = YES;
				CLANG_ENABLE_OBJC_ARC = YES;
				CLANG_ENABLE_OBJC_WEAK = YES;
				CLANG_WARN_BLOCK_CAPTURE_AUTORELEASING = YES;
				CLANG_WARN_BOOL_CONVERSION = YES;
				CLANG_WARN_COMMA = YES;
				CLANG_WARN_CONSTANT_CONVERSION = YES;
				CLANG_WARN_DEPRECATED_OBJC_IMPLEMENTATIONS = YES;
				CLANG_WARN_DIRECT_OBJC_ISA_USAGE = YES_ERROR;
				CLANG_WARN_DOCUMENTATION_COMMENTS = YES;
				CLANG_WARN_EMPTY_BODY = YES;
				CLANG_WARN_ENUM_CONVERSION = YES;
				CLANG_WARN_INFINITE_RECURSION = YES;
				CLANG_WARN_INT_CONVERSION = YES;
				CLANG_WARN_NON_LITERAL_NULL_CONVERSION = YES;
				CLANG_WARN_OBJC_IMPLICIT_RETAIN_SELF = YES;
				CLANG_WARN_OBJC_LITERAL_CONVERSION = YES;
				CLANG_WARN_OBJC_ROOT_CLASS = YES_ERROR;
				CLANG_WARN_QUOTED_INCLUDE_IN_FRAMEWORK_HEADER = YES;
				CLANG_WARN_RANGE_LOOP_ANALYSIS = YES;
				CLANG_WARN_STRICT_PROTOTYPES = YES;
				CLANG_WARN_SUSPICIOUS_MOVE = YES;
				CLANG_WARN_UNGUARDED_AVAILABILITY = YES_AGGRESSIVE;
				CLANG_WARN_UNREACHABLE_CODE = YES;
				CLANG_WARN__DUPLICATE_METHOD_MATCH = YES;
				COPY_PHASE_STRIP = NO;
				DEBUG_INFORMATION_FORMAT = dwarf;
				ENABLE_STRICT_OBJC_MSGSEND = YES;
				ENABLE_TESTABILITY = YES;
				GCC_C_LANGUAGE_STANDARD = gnu11;
				GCC_DYNAMIC_NO_PIC = NO;
				GCC_NO_COMMON_BLOCKS = YES;
				GCC_OPTIMIZATION_LEVEL = 0;
				GCC_PREPROCESSOR_DEFINITIONS = (
					"DEBUG=1",
					"$(inherited)",
				);
				GCC_WARN_64_TO_32_BIT_CONVERSION = YES;
				GCC_WARN_ABOUT_RETURN_TYPE = YES_ERROR;
				GCC_WARN_UNDECLARED_SELECTOR = YES;
				GCC_WARN_UNINITIALIZED_AUTOS = YES_AGGRESSIVE;
				GCC_WARN_UNUSED_FUNCTION = YES;
				GCC_WARN_UNUSED_VARIABLE = YES;
				IPHONEOS_DEPLOYMENT_TARGET = 16.0;
				MTL_ENABLE_DEBUG_INFO = INCLUDE_SOURCE;
				MTL_FAST_MATH = YES;
				ONLY_ACTIVE_ARCH = YES;
				SDKROOT = iphoneos;
				SWIFT_ACTIVE_COMPILATION_CONDITIONS = DEBUG;
				SWIFT_OPTIMIZATION_LEVEL = "-Onone";
			};
			name = Debug;
		};
		18B25B7A2927DE6400C0306B /* Release */ = {
			isa = XCBuildConfiguration;
			buildSettings = {
				ALWAYS_SEARCH_USER_PATHS = NO;
				CLANG_ANALYZER_NONNULL = YES;
				CLANG_ANALYZER_NUMBER_OBJECT_CONVERSION = YES_AGGRESSIVE;
				CLANG_CXX_LANGUAGE_STANDARD = "gnu++20";
				CLANG_ENABLE_MODULES = YES;
				CLANG_ENABLE_OBJC_ARC = YES;
				CLANG_ENABLE_OBJC_WEAK = YES;
				CLANG_WARN_BLOCK_CAPTURE_AUTORELEASING = YES;
				CLANG_WARN_BOOL_CONVERSION = YES;
				CLANG_WARN_COMMA = YES;
				CLANG_WARN_CONSTANT_CONVERSION = YES;
				CLANG_WARN_DEPRECATED_OBJC_IMPLEMENTATIONS = YES;
				CLANG_WARN_DIRECT_OBJC_ISA_USAGE = YES_ERROR;
				CLANG_WARN_DOCUMENTATION_COMMENTS = YES;
				CLANG_WARN_EMPTY_BODY = YES;
				CLANG_WARN_ENUM_CONVERSION = YES;
				CLANG_WARN_INFINITE_RECURSION = YES;
				CLANG_WARN_INT_CONVERSION = YES;
				CLANG_WARN_NON_LITERAL_NULL_CONVERSION = YES;
				CLANG_WARN_OBJC_IMPLICIT_RETAIN_SELF = YES;
				CLANG_WARN_OBJC_LITERAL_CONVERSION = YES;
				CLANG_WARN_OBJC_ROOT_CLASS = YES_ERROR;
				CLANG_WARN_QUOTED_INCLUDE_IN_FRAMEWORK_HEADER = YES;
				CLANG_WARN_RANGE_LOOP_ANALYSIS = YES;
				CLANG_WARN_STRICT_PROTOTYPES = YES;
				CLANG_WARN_SUSPICIOUS_MOVE = YES;
				CLANG_WARN_UNGUARDED_AVAILABILITY = YES_AGGRESSIVE;
				CLANG_WARN_UNREACHABLE_CODE = YES;
				CLANG_WARN__DUPLICATE_METHOD_MATCH = YES;
				COPY_PHASE_STRIP = NO;
				DEBUG_INFORMATION_FORMAT = "dwarf-with-dsym";
				ENABLE_NS_ASSERTIONS = NO;
				ENABLE_STRICT_OBJC_MSGSEND = YES;
				GCC_C_LANGUAGE_STANDARD = gnu11;
				GCC_NO_COMMON_BLOCKS = YES;
				GCC_WARN_64_TO_32_BIT_CONVERSION = YES;
				GCC_WARN_ABOUT_RETURN_TYPE = YES_ERROR;
				GCC_WARN_UNDECLARED_SELECTOR = YES;
				GCC_WARN_UNINITIALIZED_AUTOS = YES_AGGRESSIVE;
				GCC_WARN_UNUSED_FUNCTION = YES;
				GCC_WARN_UNUSED_VARIABLE = YES;
				IPHONEOS_DEPLOYMENT_TARGET = 16.0;
				MTL_ENABLE_DEBUG_INFO = NO;
				MTL_FAST_MATH = YES;
				SDKROOT = iphoneos;
				SWIFT_COMPILATION_MODE = wholemodule;
				SWIFT_OPTIMIZATION_LEVEL = "-O";
				VALIDATE_PRODUCT = YES;
			};
			name = Release;
		};
		18B25B7C2927DE6400C0306B /* Debug */ = {
			isa = XCBuildConfiguration;
			buildSettings = {
				ALWAYS_EMBED_SWIFT_STANDARD_LIBRARIES = YES;
				ASSETCATALOG_COMPILER_APPICON_NAME = AppIcon;
				ASSETCATALOG_COMPILER_GLOBAL_ACCENT_COLOR_NAME = AccentColor;
				CODE_SIGN_STYLE = Automatic;
				CURRENT_PROJECT_VERSION = 1;
				DEVELOPMENT_ASSET_PATHS = "\"WidgetsTestProject/Preview Content\"";
				DEVELOPMENT_TEAM = 84DXJF9WZG;
				ENABLE_PREVIEWS = YES;
				GENERATE_INFOPLIST_FILE = YES;
				INFOPLIST_KEY_UIApplicationSceneManifest_Generation = YES;
				INFOPLIST_KEY_UIApplicationSupportsIndirectInputEvents = YES;
				INFOPLIST_KEY_UILaunchScreen_Generation = YES;
				INFOPLIST_KEY_UISupportedInterfaceOrientations_iPad = "UIInterfaceOrientationPortrait UIInterfaceOrientationPortraitUpsideDown UIInterfaceOrientationLandscapeLeft UIInterfaceOrientationLandscapeRight";
				INFOPLIST_KEY_UISupportedInterfaceOrientations_iPhone = "UIInterfaceOrientationPortrait UIInterfaceOrientationLandscapeLeft UIInterfaceOrientationLandscapeRight";
				LD_RUNPATH_SEARCH_PATHS = (
					"$(inherited)",
					"@executable_path/Frameworks",
				);
				MARKETING_VERSION = 1.0;
				PRODUCT_BUNDLE_IDENTIFIER = huracheuskaya.WidgetsTestProject;
				PRODUCT_NAME = "$(TARGET_NAME)";
				SWIFT_EMIT_LOC_STRINGS = YES;
				SWIFT_VERSION = 5.0;
				TARGETED_DEVICE_FAMILY = "1,2";
			};
			name = Debug;
		};
		18B25B7D2927DE6400C0306B /* Release */ = {
			isa = XCBuildConfiguration;
			buildSettings = {
				ALWAYS_EMBED_SWIFT_STANDARD_LIBRARIES = YES;
				ASSETCATALOG_COMPILER_APPICON_NAME = AppIcon;
				ASSETCATALOG_COMPILER_GLOBAL_ACCENT_COLOR_NAME = AccentColor;
				CODE_SIGN_STYLE = Automatic;
				CURRENT_PROJECT_VERSION = 1;
				DEVELOPMENT_ASSET_PATHS = "\"WidgetsTestProject/Preview Content\"";
				DEVELOPMENT_TEAM = 84DXJF9WZG;
				ENABLE_PREVIEWS = YES;
				GENERATE_INFOPLIST_FILE = YES;
				INFOPLIST_KEY_UIApplicationSceneManifest_Generation = YES;
				INFOPLIST_KEY_UIApplicationSupportsIndirectInputEvents = YES;
				INFOPLIST_KEY_UILaunchScreen_Generation = YES;
				INFOPLIST_KEY_UISupportedInterfaceOrientations_iPad = "UIInterfaceOrientationPortrait UIInterfaceOrientationPortraitUpsideDown UIInterfaceOrientationLandscapeLeft UIInterfaceOrientationLandscapeRight";
				INFOPLIST_KEY_UISupportedInterfaceOrientations_iPhone = "UIInterfaceOrientationPortrait UIInterfaceOrientationLandscapeLeft UIInterfaceOrientationLandscapeRight";
				LD_RUNPATH_SEARCH_PATHS = (
					"$(inherited)",
					"@executable_path/Frameworks",
				);
				MARKETING_VERSION = 1.0;
				PRODUCT_BUNDLE_IDENTIFIER = huracheuskaya.WidgetsTestProject;
				PRODUCT_NAME = "$(TARGET_NAME)";
				SWIFT_EMIT_LOC_STRINGS = YES;
				SWIFT_VERSION = 5.0;
				TARGETED_DEVICE_FAMILY = "1,2";
			};
			name = Release;
		};
		18B25BA1292B893000C0306B /* Debug */ = {
			isa = XCBuildConfiguration;
			buildSettings = {
				ASSETCATALOG_COMPILER_GLOBAL_ACCENT_COLOR_NAME = AccentColor;
				ASSETCATALOG_COMPILER_WIDGET_BACKGROUND_COLOR_NAME = WidgetBackground;
				CODE_SIGN_STYLE = Automatic;
				CURRENT_PROJECT_VERSION = 1;
				DEVELOPMENT_TEAM = 84DXJF9WZG;
				GENERATE_INFOPLIST_FILE = YES;
				INFOPLIST_FILE = MonthWidget/Info.plist;
				INFOPLIST_KEY_CFBundleDisplayName = MonthWidget;
				INFOPLIST_KEY_NSHumanReadableCopyright = "";
				LD_RUNPATH_SEARCH_PATHS = (
					"$(inherited)",
					"@executable_path/Frameworks",
					"@executable_path/../../Frameworks",
				);
				MARKETING_VERSION = 1.0;
				PRODUCT_BUNDLE_IDENTIFIER = huracheuskaya.WidgetsTestProject.MonthWidget;
				PRODUCT_NAME = "$(TARGET_NAME)";
				SKIP_INSTALL = YES;
				SWIFT_EMIT_LOC_STRINGS = YES;
				SWIFT_VERSION = 5.0;
				TARGETED_DEVICE_FAMILY = "1,2";
			};
			name = Debug;
		};
		18B25BA2292B893000C0306B /* Release */ = {
			isa = XCBuildConfiguration;
			buildSettings = {
				ASSETCATALOG_COMPILER_GLOBAL_ACCENT_COLOR_NAME = AccentColor;
				ASSETCATALOG_COMPILER_WIDGET_BACKGROUND_COLOR_NAME = WidgetBackground;
				CODE_SIGN_STYLE = Automatic;
				CURRENT_PROJECT_VERSION = 1;
				DEVELOPMENT_TEAM = 84DXJF9WZG;
				GENERATE_INFOPLIST_FILE = YES;
				INFOPLIST_FILE = MonthWidget/Info.plist;
				INFOPLIST_KEY_CFBundleDisplayName = MonthWidget;
				INFOPLIST_KEY_NSHumanReadableCopyright = "";
				LD_RUNPATH_SEARCH_PATHS = (
					"$(inherited)",
					"@executable_path/Frameworks",
					"@executable_path/../../Frameworks",
				);
				MARKETING_VERSION = 1.0;
				PRODUCT_BUNDLE_IDENTIFIER = huracheuskaya.WidgetsTestProject.MonthWidget;
				PRODUCT_NAME = "$(TARGET_NAME)";
				SKIP_INSTALL = YES;
				SWIFT_EMIT_LOC_STRINGS = YES;
				SWIFT_VERSION = 5.0;
				TARGETED_DEVICE_FAMILY = "1,2";
			};
			name = Release;
		};
/* End XCBuildConfiguration section */

/* Begin XCConfigurationList section */
		18B25B682927DE6200C0306B /* Build configuration list for PBXProject "WidgetsTestProject" */ = {
			isa = XCConfigurationList;
			buildConfigurations = (
				18B25B792927DE6400C0306B /* Debug */,
				18B25B7A2927DE6400C0306B /* Release */,
			);
			defaultConfigurationIsVisible = 0;
			defaultConfigurationName = Release;
		};
		18B25B7B2927DE6400C0306B /* Build configuration list for PBXNativeTarget "WidgetsTestProject" */ = {
			isa = XCConfigurationList;
			buildConfigurations = (
				18B25B7C2927DE6400C0306B /* Debug */,
				18B25B7D2927DE6400C0306B /* Release */,
			);
			defaultConfigurationIsVisible = 0;
			defaultConfigurationName = Release;
		};
		18B25BA0292B893000C0306B /* Build configuration list for PBXNativeTarget "MonthWidgetExtension" */ = {
			isa = XCConfigurationList;
			buildConfigurations = (
				18B25BA1292B893000C0306B /* Debug */,
				18B25BA2292B893000C0306B /* Release */,
			);
			defaultConfigurationIsVisible = 0;
			defaultConfigurationName = Release;
		};
/* End XCConfigurationList section */
	};
	rootObject = 18B25B652927DE6200C0306B /* Project object */;
}
